
Microsoft Visual Studio Solution File, Format Version 12.00
# Visual Studio Version 16
VisualStudioVersion = 16.0.31025.194
MinimumVisualStudioVersion = 10.0.40219.1
Project("{9A19103F-16F7-4668-BE54-9A1E7A4F7556}") = "MendzerWydatkow_v2", "MendzerWydatkow_v2.csproj", "{542DB0FE-9598-4BB1-9B8F-FC1FDB279897}"
EndProject
Global
	GlobalSection(SolutionConfigurationPlatforms) = preSolution
		Debug|Any CPU = Debug|Any CPU
		Release|Any CPU = Release|Any CPU
	EndGlobalSection
	GlobalSection(ProjectConfigurationPlatforms) = postSolution
		{542DB0FE-9598-4BB1-9B8F-FC1FDB279897}.Debug|Any CPU.ActiveCfg = Debug|Any CPU
		{542DB0FE-9598-4BB1-9B8F-FC1FDB279897}.Debug|Any CPU.Build.0 = Debug|Any CPU
		{542DB0FE-9598-4BB1-9B8F-FC1FDB279897}.Release|Any CPU.ActiveCfg = Release|Any CPU
		{542DB0FE-9598-4BB1-9B8F-FC1FDB279897}.Release|Any CPU.Build.0 = Release|Any CPU
	EndGlobalSection
	GlobalSection(SolutionProperties) = preSolution
		HideSolutionNode = FALSE
	EndGlobalSection
	GlobalSection(ExtensibilityGlobals) = postSolution
		SolutionGuid = {7053F37D-CBA8-4CC6-B1A7-FCE06422B7C8}
	EndGlobalSection
EndGlobal
